// !$*UTF8*$!
{
	archiveVersion = 1;
	classes = {
	};
	objectVersion = 55;
	objects = {

/* Begin PBXBuildFile section */
		8A07B50D2858FA2B00D226F1 /* PieTableEntry.swift in Sources */ = {isa = PBXBuildFile; fileRef = 8A07B50C2858FA2B00D226F1 /* PieTableEntry.swift */; };
		8A3502522858174500858DFE /* taberApp.swift in Sources */ = {isa = PBXBuildFile; fileRef = 8A3502512858174500858DFE /* taberApp.swift */; };
		8A3502542858174500858DFE /* ContentView.swift in Sources */ = {isa = PBXBuildFile; fileRef = 8A3502532858174500858DFE /* ContentView.swift */; };
		8A3502562858174800858DFE /* Assets.xcassets in Resources */ = {isa = PBXBuildFile; fileRef = 8A3502552858174800858DFE /* Assets.xcassets */; };
		8A3502592858174800858DFE /* Preview Assets.xcassets in Resources */ = {isa = PBXBuildFile; fileRef = 8A3502582858174800858DFE /* Preview Assets.xcassets */; };
		8A35025B2858174800858DFE /* Persistence.swift in Sources */ = {isa = PBXBuildFile; fileRef = 8A35025A2858174800858DFE /* Persistence.swift */; };
		8A35025E2858174800858DFE /* taber.xcdatamodeld in Sources */ = {isa = PBXBuildFile; fileRef = 8A35025C2858174800858DFE /* taber.xcdatamodeld */; };
		8A350266285817E000858DFE /* expense.swift in Sources */ = {isa = PBXBuildFile; fileRef = 8A350265285817E000858DFE /* expense.swift */; };
		8A3502692858199C00858DFE /* PieChartUIView.swift in Sources */ = {isa = PBXBuildFile; fileRef = 8A3502682858199C00858DFE /* PieChartUIView.swift */; };
		8A35026B28581A0300858DFE /* PieChartSlice.swift in Sources */ = {isa = PBXBuildFile; fileRef = 8A35026A28581A0300858DFE /* PieChartSlice.swift */; };
		8A35026D285844D800858DFE /* PieChartView.swift in Sources */ = {isa = PBXBuildFile; fileRef = 8A35026C285844D800858DFE /* PieChartView.swift */; };
		8A38C4E4285A274E007E6A14 /* PieChartLegend.swift in Sources */ = {isa = PBXBuildFile; fileRef = 8A38C4E3285A274E007E6A14 /* PieChartLegend.swift */; };
		8A916FCF285A6BDC007737DC /* MainUIView.swift in Sources */ = {isa = PBXBuildFile; fileRef = 8A916FCE285A6BDC007737DC /* MainUIView.swift */; };
/* End PBXBuildFile section */

/* Begin PBXFileReference section */
		8A07B50C2858FA2B00D226F1 /* PieTableEntry.swift */ = {isa = PBXFileReference; lastKnownFileType = sourcecode.swift; path = PieTableEntry.swift; sourceTree = "<group>"; };
		8A35024E2858174500858DFE /* taber.app */ = {isa = PBXFileReference; explicitFileType = wrapper.application; includeInIndex = 0; path = taber.app; sourceTree = BUILT_PRODUCTS_DIR; };
		8A3502512858174500858DFE /* taberApp.swift */ = {isa = PBXFileReference; lastKnownFileType = sourcecode.swift; path = taberApp.swift; sourceTree = "<group>"; };
		8A3502532858174500858DFE /* ContentView.swift */ = {isa = PBXFileReference; lastKnownFileType = sourcecode.swift; path = ContentView.swift; sourceTree = "<group>"; };
		8A3502552858174800858DFE /* Assets.xcassets */ = {isa = PBXFileReference; lastKnownFileType = folder.assetcatalog; path = Assets.xcassets; sourceTree = "<group>"; };
		8A3502582858174800858DFE /* Preview Assets.xcassets */ = {isa = PBXFileReference; lastKnownFileType = folder.assetcatalog; path = "Preview Assets.xcassets"; sourceTree = "<group>"; };
		8A35025A2858174800858DFE /* Persistence.swift */ = {isa = PBXFileReference; lastKnownFileType = sourcecode.swift; path = Persistence.swift; sourceTree = "<group>"; };
		8A35025D2858174800858DFE /* taber.xcdatamodel */ = {isa = PBXFileReference; lastKnownFileType = wrapper.xcdatamodel; path = taber.xcdatamodel; sourceTree = "<group>"; };
		8A350265285817E000858DFE /* expense.swift */ = {isa = PBXFileReference; lastKnownFileType = sourcecode.swift; path = expense.swift; sourceTree = "<group>"; };
		8A3502682858199C00858DFE /* PieChartUIView.swift */ = {isa = PBXFileReference; lastKnownFileType = sourcecode.swift; path = PieChartUIView.swift; sourceTree = "<group>"; };
		8A35026A28581A0300858DFE /* PieChartSlice.swift */ = {isa = PBXFileReference; lastKnownFileType = sourcecode.swift; path = PieChartSlice.swift; sourceTree = "<group>"; };
		8A35026C285844D800858DFE /* PieChartView.swift */ = {isa = PBXFileReference; lastKnownFileType = sourcecode.swift; path = PieChartView.swift; sourceTree = "<group>"; };
		8A38C4E3285A274E007E6A14 /* PieChartLegend.swift */ = {isa = PBXFileReference; lastKnownFileType = sourcecode.swift; path = PieChartLegend.swift; sourceTree = "<group>"; };
		8A916FCE285A6BDC007737DC /* MainUIView.swift */ = {isa = PBXFileReference; lastKnownFileType = sourcecode.swift; path = MainUIView.swift; sourceTree = "<group>"; };
/* End PBXFileReference section */

/* Begin PBXFrameworksBuildPhase section */
		8A35024B2858174500858DFE /* Frameworks */ = {
			isa = PBXFrameworksBuildPhase;
			buildActionMask = 2147483647;
			files = (
			);
			runOnlyForDeploymentPostprocessing = 0;
		};
/* End PBXFrameworksBuildPhase section */

/* Begin PBXGroup section */
		8A3502452858174500858DFE = {
			isa = PBXGroup;
			children = (
				8A3502502858174500858DFE /* taber */,
				8A35024F2858174500858DFE /* Products */,
			);
			sourceTree = "<group>";
		};
		8A35024F2858174500858DFE /* Products */ = {
			isa = PBXGroup;
			children = (
				8A35024E2858174500858DFE /* taber.app */,
			);
			name = Products;
			sourceTree = "<group>";
		};
		8A3502502858174500858DFE /* taber */ = {
			isa = PBXGroup;
			children = (
				8A916FCD285A6BC6007737DC /* Pages */,
				8A3502672858198000858DFE /* Views */,
				8A350264285817C200858DFE /* Models */,
				8A3502512858174500858DFE /* taberApp.swift */,
				8A3502532858174500858DFE /* ContentView.swift */,
				8A3502552858174800858DFE /* Assets.xcassets */,
				8A35025A2858174800858DFE /* Persistence.swift */,
				8A35025C2858174800858DFE /* taber.xcdatamodeld */,
				8A3502572858174800858DFE /* Preview Content */,
			);
			path = taber;
			sourceTree = "<group>";
		};
		8A3502572858174800858DFE /* Preview Content */ = {
			isa = PBXGroup;
			children = (
				8A3502582858174800858DFE /* Preview Assets.xcassets */,
			);
			path = "Preview Content";
			sourceTree = "<group>";
		};
		8A350264285817C200858DFE /* Models */ = {
			isa = PBXGroup;
			children = (
				8A350265285817E000858DFE /* expense.swift */,
				8A35026A28581A0300858DFE /* PieChartSlice.swift */,
				8A07B50C2858FA2B00D226F1 /* PieTableEntry.swift */,
			);
			path = Models;
			sourceTree = "<group>";
		};
		8A3502672858198000858DFE /* Views */ = {
			isa = PBXGroup;
			children = (
				8A3502682858199C00858DFE /* PieChartUIView.swift */,
				8A35026C285844D800858DFE /* PieChartView.swift */,
				8A38C4E3285A274E007E6A14 /* PieChartLegend.swift */,
			);
			path = Views;
			sourceTree = "<group>";
		};
		8A916FCD285A6BC6007737DC /* Pages */ = {
			isa = PBXGroup;
			children = (
				8A916FCE285A6BDC007737DC /* MainUIView.swift */,
			);
			path = Pages;
			sourceTree = "<group>";
		};
/* End PBXGroup section */

/* Begin PBXNativeTarget section */
		8A35024D2858174500858DFE /* taber */ = {
			isa = PBXNativeTarget;
			buildConfigurationList = 8A3502612858174800858DFE /* Build configuration list for PBXNativeTarget "taber" */;
			buildPhases = (
				8A35024A2858174500858DFE /* Sources */,
				8A35024B2858174500858DFE /* Frameworks */,
				8A35024C2858174500858DFE /* Resources */,
			);
			buildRules = (
			);
			dependencies = (
			);
			name = taber;
			productName = taber;
			productReference = 8A35024E2858174500858DFE /* taber.app */;
			productType = "com.apple.product-type.application";
		};
/* End PBXNativeTarget section */

/* Begin PBXProject section */
		8A3502462858174500858DFE /* Project object */ = {
			isa = PBXProject;
			attributes = {
				BuildIndependentTargetsInParallel = 1;
				LastSwiftUpdateCheck = 1310;
				LastUpgradeCheck = 1310;
				TargetAttributes = {
					8A35024D2858174500858DFE = {
						CreatedOnToolsVersion = 13.1;
					};
				};
			};
			buildConfigurationList = 8A3502492858174500858DFE /* Build configuration list for PBXProject "taber" */;
			compatibilityVersion = "Xcode 13.0";
			developmentRegion = en;
			hasScannedForEncodings = 0;
			knownRegions = (
				en,
				Base,
			);
			mainGroup = 8A3502452858174500858DFE;
			productRefGroup = 8A35024F2858174500858DFE /* Products */;
			projectDirPath = "";
			projectRoot = "";
			targets = (
				8A35024D2858174500858DFE /* taber */,
			);
		};
/* End PBXProject section */

/* Begin PBXResourcesBuildPhase section */
		8A35024C2858174500858DFE /* Resources */ = {
			isa = PBXResourcesBuildPhase;
			buildActionMask = 2147483647;
			files = (
				8A3502592858174800858DFE /* Preview Assets.xcassets in Resources */,
				8A3502562858174800858DFE /* Assets.xcassets in Resources */,
			);
			runOnlyForDeploymentPostprocessing = 0;
		};
/* End PBXResourcesBuildPhase section */

/* Begin PBXSourcesBuildPhase section */
		8A35024A2858174500858DFE /* Sources */ = {
			isa = PBXSourcesBuildPhase;
			buildActionMask = 2147483647;
			files = (
				8A38C4E4285A274E007E6A14 /* PieChartLegend.swift in Sources */,
				8A35026D285844D800858DFE /* PieChartView.swift in Sources */,
				8A35026B28581A0300858DFE /* PieChartSlice.swift in Sources */,
				8A3502692858199C00858DFE /* PieChartUIView.swift in Sources */,
				8A350266285817E000858DFE /* expense.swift in Sources */,
				8A916FCF285A6BDC007737DC /* MainUIView.swift in Sources */,
				8A35025E2858174800858DFE /* taber.xcdatamodeld in Sources */,
				8A35025B2858174800858DFE /* Persistence.swift in Sources */,
				8A3502542858174500858DFE /* ContentView.swift in Sources */,
				8A07B50D2858FA2B00D226F1 /* PieTableEntry.swift in Sources */,
				8A3502522858174500858DFE /* taberApp.swift in Sources */,
			);
			runOnlyForDeploymentPostprocessing = 0;
		};
/* End PBXSourcesBuildPhase section */

/* Begin XCBuildConfiguration section */
		8A35025F2858174800858DFE /* Debug */ = {
			isa = XCBuildConfiguration;
			buildSettings = {
				ALWAYS_SEARCH_USER_PATHS = NO;
				CLANG_ANALYZER_NONNULL = YES;
				CLANG_ANALYZER_NUMBER_OBJECT_CONVERSION = YES_AGGRESSIVE;
				CLANG_CXX_LANGUAGE_STANDARD = "gnu++17";
				CLANG_CXX_LIBRARY = "libc++";
				CLANG_ENABLE_MODULES = YES;
				CLANG_ENABLE_OBJC_ARC = YES;
				CLANG_ENABLE_OBJC_WEAK = YES;
				CLANG_WARN_BLOCK_CAPTURE_AUTORELEASING = YES;
				CLANG_WARN_BOOL_CONVERSION = YES;
				CLANG_WARN_COMMA = YES;
				CLANG_WARN_CONSTANT_CONVERSION = YES;
				CLANG_WARN_DEPRECATED_OBJC_IMPLEMENTATIONS = YES;
				CLANG_WARN_DIRECT_OBJC_ISA_USAGE = YES_ERROR;
				CLANG_WARN_DOCUMENTATION_COMMENTS = YES;
				CLANG_WARN_EMPTY_BODY = YES;
				CLANG_WARN_ENUM_CONVERSION = YES;
				CLANG_WARN_INFINITE_RECURSION = YES;
				CLANG_WARN_INT_CONVERSION = YES;
				CLANG_WARN_NON_LITERAL_NULL_CONVERSION = YES;
				CLANG_WARN_OBJC_IMPLICIT_RETAIN_SELF = YES;
				CLANG_WARN_OBJC_LITERAL_CONVERSION = YES;
				CLANG_WARN_OBJC_ROOT_CLASS = YES_ERROR;
				CLANG_WARN_QUOTED_INCLUDE_IN_FRAMEWORK_HEADER = YES;
				CLANG_WARN_RANGE_LOOP_ANALYSIS = YES;
				CLANG_WARN_STRICT_PROTOTYPES = YES;
				CLANG_WARN_SUSPICIOUS_MOVE = YES;
				CLANG_WARN_UNGUARDED_AVAILABILITY = YES_AGGRESSIVE;
				CLANG_WARN_UNREACHABLE_CODE = YES;
				CLANG_WARN__DUPLICATE_METHOD_MATCH = YES;
				COPY_PHASE_STRIP = NO;
				DEBUG_INFORMATION_FORMAT = dwarf;
				ENABLE_STRICT_OBJC_MSGSEND = YES;
				ENABLE_TESTABILITY = YES;
				GCC_C_LANGUAGE_STANDARD = gnu11;
				GCC_DYNAMIC_NO_PIC = NO;
				GCC_NO_COMMON_BLOCKS = YES;
				GCC_OPTIMIZATION_LEVEL = 0;
				GCC_PREPROCESSOR_DEFINITIONS = (
					"DEBUG=1",
					"$(inherited)",
				);
				GCC_WARN_64_TO_32_BIT_CONVERSION = YES;
				GCC_WARN_ABOUT_RETURN_TYPE = YES_ERROR;
				GCC_WARN_UNDECLARED_SELECTOR = YES;
				GCC_WARN_UNINITIALIZED_AUTOS = YES_AGGRESSIVE;
				GCC_WARN_UNUSED_FUNCTION = YES;
				GCC_WARN_UNUSED_VARIABLE = YES;
				IPHONEOS_DEPLOYMENT_TARGET = 15.0;
				MTL_ENABLE_DEBUG_INFO = INCLUDE_SOURCE;
				MTL_FAST_MATH = YES;
				ONLY_ACTIVE_ARCH = YES;
				SDKROOT = iphoneos;
				SWIFT_ACTIVE_COMPILATION_CONDITIONS = DEBUG;
				SWIFT_OPTIMIZATION_LEVEL = "-Onone";
			};
			name = Debug;
		};
		8A3502602858174800858DFE /* Release */ = {
			isa = XCBuildConfiguration;
			buildSettings = {
				ALWAYS_SEARCH_USER_PATHS = NO;
				CLANG_ANALYZER_NONNULL = YES;
				CLANG_ANALYZER_NUMBER_OBJECT_CONVERSION = YES_AGGRESSIVE;
				CLANG_CXX_LANGUAGE_STANDARD = "gnu++17";
				CLANG_CXX_LIBRARY = "libc++";
				CLANG_ENABLE_MODULES = YES;
				CLANG_ENABLE_OBJC_ARC = YES;
				CLANG_ENABLE_OBJC_WEAK = YES;
				CLANG_WARN_BLOCK_CAPTURE_AUTORELEASING = YES;
				CLANG_WARN_BOOL_CONVERSION = YES;
				CLANG_WARN_COMMA = YES;
				CLANG_WARN_CONSTANT_CONVERSION = YES;
				CLANG_WARN_DEPRECATED_OBJC_IMPLEMENTATIONS = YES;
				CLANG_WARN_DIRECT_OBJC_ISA_USAGE = YES_ERROR;
				CLANG_WARN_DOCUMENTATION_COMMENTS = YES;
				CLANG_WARN_EMPTY_BODY = YES;
				CLANG_WARN_ENUM_CONVERSION = YES;
				CLANG_WARN_INFINITE_RECURSION = YES;
				CLANG_WARN_INT_CONVERSION = YES;
				CLANG_WARN_NON_LITERAL_NULL_CONVERSION = YES;
				CLANG_WARN_OBJC_IMPLICIT_RETAIN_SELF = YES;
				CLANG_WARN_OBJC_LITERAL_CONVERSION = YES;
				CLANG_WARN_OBJC_ROOT_CLASS = YES_ERROR;
				CLANG_WARN_QUOTED_INCLUDE_IN_FRAMEWORK_HEADER = YES;
				CLANG_WARN_RANGE_LOOP_ANALYSIS = YES;
				CLANG_WARN_STRICT_PROTOTYPES = YES;
				CLANG_WARN_SUSPICIOUS_MOVE = YES;
				CLANG_WARN_UNGUARDED_AVAILABILITY = YES_AGGRESSIVE;
				CLANG_WARN_UNREACHABLE_CODE = YES;
				CLANG_WARN__DUPLICATE_METHOD_MATCH = YES;
				COPY_PHASE_STRIP = NO;
				DEBUG_INFORMATION_FORMAT = "dwarf-with-dsym";
				ENABLE_NS_ASSERTIONS = NO;
				ENABLE_STRICT_OBJC_MSGSEND = YES;
				GCC_C_LANGUAGE_STANDARD = gnu11;
				GCC_NO_COMMON_BLOCKS = YES;
				GCC_WARN_64_TO_32_BIT_CONVERSION = YES;
				GCC_WARN_ABOUT_RETURN_TYPE = YES_ERROR;
				GCC_WARN_UNDECLARED_SELECTOR = YES;
				GCC_WARN_UNINITIALIZED_AUTOS = YES_AGGRESSIVE;
				GCC_WARN_UNUSED_FUNCTION = YES;
				GCC_WARN_UNUSED_VARIABLE = YES;
				IPHONEOS_DEPLOYMENT_TARGET = 15.0;
				MTL_ENABLE_DEBUG_INFO = NO;
				MTL_FAST_MATH = YES;
				SDKROOT = iphoneos;
				SWIFT_COMPILATION_MODE = wholemodule;
				SWIFT_OPTIMIZATION_LEVEL = "-O";
				VALIDATE_PRODUCT = YES;
			};
			name = Release;
		};
		8A3502622858174800858DFE /* Debug */ = {
			isa = XCBuildConfiguration;
			buildSettings = {
				ASSETCATALOG_COMPILER_APPICON_NAME = AppIcon;
				ASSETCATALOG_COMPILER_GLOBAL_ACCENT_COLOR_NAME = AccentColor;
				CODE_SIGN_STYLE = Automatic;
				CURRENT_PROJECT_VERSION = 1;
				DEVELOPMENT_ASSET_PATHS = "\"taber/Preview Content\"";
				DEVELOPMENT_TEAM = JXV4Y8SPJ8;
				ENABLE_PREVIEWS = YES;
				GENERATE_INFOPLIST_FILE = YES;
				INFOPLIST_KEY_UIApplicationSceneManifest_Generation = YES;
				INFOPLIST_KEY_UIApplicationSupportsIndirectInputEvents = YES;
				INFOPLIST_KEY_UILaunchScreen_Generation = YES;
				INFOPLIST_KEY_UISupportedInterfaceOrientations_iPad = "UIInterfaceOrientationPortrait UIInterfaceOrientationPortraitUpsideDown UIInterfaceOrientationLandscapeLeft UIInterfaceOrientationLandscapeRight";
				INFOPLIST_KEY_UISupportedInterfaceOrientations_iPhone = "UIInterfaceOrientationPortrait UIInterfaceOrientationLandscapeLeft UIInterfaceOrientationLandscapeRight";
				LD_RUNPATH_SEARCH_PATHS = (
					"$(inherited)",
					"@executable_path/Frameworks",
				);
				MARKETING_VERSION = 1.0;
				PRODUCT_BUNDLE_IDENTIFIER = sunflower.taber;
				PRODUCT_NAME = "$(TARGET_NAME)";
				SWIFT_EMIT_LOC_STRINGS = YES;
				SWIFT_VERSION = 5.0;
				TARGETED_DEVICE_FAMILY = "1,2";
			};
			name = Debug;
		};
		8A3502632858174800858DFE /* Release */ = {
			isa = XCBuildConfiguration;
			buildSettings = {
				ASSETCATALOG_COMPILER_APPICON_NAME = AppIcon;
				ASSETCATALOG_COMPILER_GLOBAL_ACCENT_COLOR_NAME = AccentColor;
				CODE_SIGN_STYLE = Automatic;
				CURRENT_PROJECT_VERSION = 1;
				DEVELOPMENT_ASSET_PATHS = "\"taber/Preview Content\"";
				DEVELOPMENT_TEAM = JXV4Y8SPJ8;
				ENABLE_PREVIEWS = YES;
				GENERATE_INFOPLIST_FILE = YES;
				INFOPLIST_KEY_UIApplicationSceneManifest_Generation = YES;
				INFOPLIST_KEY_UIApplicationSupportsIndirectInputEvents = YES;
				INFOPLIST_KEY_UILaunchScreen_Generation = YES;
				INFOPLIST_KEY_UISupportedInterfaceOrientations_iPad = "UIInterfaceOrientationPortrait UIInterfaceOrientationPortraitUpsideDown UIInterfaceOrientationLandscapeLeft UIInterfaceOrientationLandscapeRight";
				INFOPLIST_KEY_UISupportedInterfaceOrientations_iPhone = "UIInterfaceOrientationPortrait UIInterfaceOrientationLandscapeLeft UIInterfaceOrientationLandscapeRight";
				LD_RUNPATH_SEARCH_PATHS = (
					"$(inherited)",
					"@executable_path/Frameworks",
				);
				MARKETING_VERSION = 1.0;
				PRODUCT_BUNDLE_IDENTIFIER = sunflower.taber;
				PRODUCT_NAME = "$(TARGET_NAME)";
				SWIFT_EMIT_LOC_STRINGS = YES;
				SWIFT_VERSION = 5.0;
				TARGETED_DEVICE_FAMILY = "1,2";
			};
			name = Release;
		};
/* End XCBuildConfiguration section */

/* Begin XCConfigurationList section */
		8A3502492858174500858DFE /* Build configuration list for PBXProject "taber" */ = {
			isa = XCConfigurationList;
			buildConfigurations = (
				8A35025F2858174800858DFE /* Debug */,
				8A3502602858174800858DFE /* Release */,
			);
			defaultConfigurationIsVisible = 0;
			defaultConfigurationName = Release;
		};
		8A3502612858174800858DFE /* Build configuration list for PBXNativeTarget "taber" */ = {
			isa = XCConfigurationList;
			buildConfigurations = (
				8A3502622858174800858DFE /* Debug */,
				8A3502632858174800858DFE /* Release */,
			);
			defaultConfigurationIsVisible = 0;
			defaultConfigurationName = Release;
		};
/* End XCConfigurationList section */

/* Begin XCVersionGroup section */
		8A35025C2858174800858DFE /* taber.xcdatamodeld */ = {
			isa = XCVersionGroup;
			children = (
				8A35025D2858174800858DFE /* taber.xcdatamodel */,
			);
			currentVersion = 8A35025D2858174800858DFE /* taber.xcdatamodel */;
			path = taber.xcdatamodeld;
			sourceTree = "<group>";
			versionGroupType = wrapper.xcdatamodel;
		};
/* End XCVersionGroup section */
	};
	rootObject = 8A3502462858174500858DFE /* Project object */;
}
